<?xml version="1.0" encoding="utf-8"?>
<Project ToolsVersion="4.0" xmlns="http://schemas.microsoft.com/developer/msbuild/2003">
  <ItemGroup>
    <ClCompile Include="..\Classes\AppDelegate.cpp" />
    <ClCompile Include="..\Classes\Game.cpp" />
    <ClCompile Include="main.cpp" />
    <ClCompile Include="..\Classes\Objects\Coin.cpp">
      <Filter>Objects</Filter>
    </ClCompile>
    <ClCompile Include="..\Classes\Objects\Ladder.cpp">
      <Filter>Objects</Filter>
    </ClCompile>
    <ClCompile Include="..\Classes\Objects\Ammo.cpp">
      <Filter>Objects</Filter>
    </ClCompile>
    <ClCompile Include="..\Classes\HUD\DebugGUI.cpp">
      <Filter>HUD</Filter>
    </ClCompile>
    <ClCompile Include="..\Classes\HUD\GameHUD.cpp">
      <Filter>HUD</Filter>
    </ClCompile>
    <ClCompile Include="..\Classes\Input\Input.cpp">
      <Filter>Input</Filter>
    </ClCompile>
    <ClCompile Include="..\Classes\Levels\Chunk.cpp">
      <Filter>Levels</Filter>
    </ClCompile>
    <ClCompile Include="..\Classes\Levels\Lava.cpp">
      <Filter>Levels</Filter>
    </ClCompile>
    <ClCompile Include="..\Classes\Levels\Level.cpp">
      <Filter>Levels</Filter>
    </ClCompile>
    <ClCompile Include="..\Classes\Levels\ChunkTypes\ChunkBaseFloor.cpp">
      <Filter>Levels\ChunkTypes</Filter>
    </ClCompile>
    <ClCompile Include="..\Classes\Levels\ChunkTypes\ChunkBasic.cpp">
      <Filter>Levels\ChunkTypes</Filter>
    </ClCompile>
    <ClCompile Include="..\Classes\MainMenu\MainMenuScene.cpp">
      <Filter>MainMenu</Filter>
    </ClCompile>
    <ClCompile Include="..\Classes\MainMenu\MainMenuGUILayer.cpp">
      <Filter>MainMenu</Filter>
    </ClCompile>
    <ClCompile Include="..\Classes\Opponent\Opponent.cpp">
      <Filter>Opponent</Filter>
    </ClCompile>
    <ClCompile Include="..\Classes\Opponent\Shooting\Shooting.cpp">
      <Filter>Opponent\Shooting</Filter>
    </ClCompile>
    <ClCompile Include="..\Classes\Opponent\Alien1\Alien1.cpp">
      <Filter>Opponent\Alien1</Filter>
    </ClCompile>
    <ClCompile Include="..\Classes\Player\Player.cpp">
      <Filter>Player</Filter>
    </ClCompile>
    <ClCompile Include="..\Classes\Player\Weapons\Weapon.cpp">
      <Filter>Player\Weapons</Filter>
    </ClCompile>
    <ClCompile Include="..\Classes\Player\Weapons\Pistol\Pistol.cpp">
      <Filter>Player\Weapons\Pistol</Filter>
    </ClCompile>
    <ClCompile Include="..\Classes\Player\Weapons\MachineGun\MachineGun.cpp">
      <Filter>Player\Weapons\MachineGun</Filter>
    </ClCompile>
    <ClCompile Include="..\Classes\Levels\LevelChunks.cpp">
      <Filter>Levels</Filter>
    </ClCompile>
  </ItemGroup>
  <ItemGroup>
    <ClInclude Include="..\Classes\AppDelegate.h" />
    <ClInclude Include="..\Classes\Bullet.h" />
    <ClInclude Include="..\Classes\Game.h" />
    <ClInclude Include="..\Classes\Utilities.h" />
    <ClInclude Include="main.h" />
    <ClInclude Include="..\Classes\Objects\Coin.h">
      <Filter>Objects</Filter>
    </ClInclude>
    <ClInclude Include="..\Classes\Objects\Ladder.h">
      <Filter>Objects</Filter>
    </ClInclude>
    <ClInclude Include="..\Classes\Objects\Ammo.h">
      <Filter>Objects</Filter>
    </ClInclude>
    <ClInclude Include="..\Classes\HUD\DebugGUI.h">
      <Filter>HUD</Filter>
    </ClInclude>
    <ClInclude Include="..\Classes\HUD\GameHUD.h">
      <Filter>HUD</Filter>
    </ClInclude>
    <ClInclude Include="..\Classes\Input\Input.h">
      <Filter>Input</Filter>
    </ClInclude>
    <ClInclude Include="..\Classes\Levels\Chunk.h">
      <Filter>Levels</Filter>
    </ClInclude>
    <ClInclude Include="..\Classes\Levels\Lava.h">
      <Filter>Levels</Filter>
    </ClInclude>
    <ClInclude Include="..\Classes\Levels\Level.h">
      <Filter>Levels</Filter>
    </ClInclude>
    <ClInclude Include="..\Classes\Levels\ChunkTypes\ChunkBasic.h">
      <Filter>Levels\ChunkTypes</Filter>
    </ClInclude>
    <ClInclude Include="..\Classes\Levels\ChunkTypes\ChunkBaseFloor.h">
      <Filter>Levels\ChunkTypes</Filter>
    </ClInclude>
    <ClInclude Include="..\Classes\MainMenu\MainMenuScene.h">
      <Filter>MainMenu</Filter>
    </ClInclude>
    <ClInclude Include="..\Classes\MainMenu\MainMenuGUILayer.h">
      <Filter>MainMenu</Filter>
    </ClInclude>
    <ClInclude Include="..\Classes\Opponent\Opponent.h">
      <Filter>Opponent</Filter>
    </ClInclude>
    <ClInclude Include="..\Classes\Opponent\Shooting\Shooting.h">
      <Filter>Opponent\Shooting</Filter>
    </ClInclude>
    <ClInclude Include="..\Classes\Opponent\Alien1\Alien1.h">
      <Filter>Opponent\Alien1</Filter>
    </ClInclude>
    <ClInclude Include="..\Classes\Player\Player.h">
      <Filter>Player</Filter>
    </ClInclude>
    <ClInclude Include="..\Classes\Player\Weapons\Weapon.h">
      <Filter>Player\Weapons</Filter>
    </ClInclude>
    <ClInclude Include="..\Classes\Player\Weapons\Pistol\Pistol.h">
      <Filter>Player\Weapons\Pistol</Filter>
    </ClInclude>
    <ClInclude Include="..\Classes\Player\Weapons\MachineGun\MachineGun.h">
      <Filter>Player\Weapons\MachineGun</Filter>
    </ClInclude>
    <ClInclude Include="..\Classes\Objects\Entity.h">
      <Filter>Objects</Filter>
    </ClInclude>
  </ItemGroup>
  <ItemGroup>
    <ResourceCompile Include="game.rc" />
  </ItemGroup>
  <ItemGroup>
    <Filter Include="Objects">
      <UniqueIdentifier>{78f28840-4445-423c-abf5-9b96a32ea95b}</UniqueIdentifier>
    </Filter>
    <Filter Include="HUD">
      <UniqueIdentifier>{f1fc6ff7-701e-4209-b6ac-d8911e0d2930}</UniqueIdentifier>
    </Filter>
    <Filter Include="Input">
      <UniqueIdentifier>{4e72de7f-8e71-44ef-9e57-060979117825}</UniqueIdentifier>
    </Filter>
    <Filter Include="Levels">
      <UniqueIdentifier>{464ffd3f-60f4-4d30-a7ae-2865e5d3c4c4}</UniqueIdentifier>
    </Filter>
    <Filter Include="Levels\ChunkTypes">
      <UniqueIdentifier>{d06d0a1a-64e9-4719-962b-28527ac2c3c6}</UniqueIdentifier>
    </Filter>
    <Filter Include="MainMenu">
      <UniqueIdentifier>{caf573cc-8fd2-4d05-a6ae-b26b849a8a88}</UniqueIdentifier>
    </Filter>
    <Filter Include="Opponent">
      <UniqueIdentifier>{5dd4f992-d007-45f5-985f-888eb5d6c2f5}</UniqueIdentifier>
    </Filter>
    <Filter Include="Opponent\Alien1">
      <UniqueIdentifier>{123cbf38-8f11-48e7-bde5-fd4e4967078c}</UniqueIdentifier>
    </Filter>
    <Filter Include="Opponent\Shooting">
      <UniqueIdentifier>{b14c9ccd-2a57-486f-8dae-81ec0cf9bbaa}</UniqueIdentifier>
    </Filter>
    <Filter Include="Player">
      <UniqueIdentifier>{624e3219-af93-4ec7-8feb-c5aaf60232af}</UniqueIdentifier>
    </Filter>
    <Filter Include="Player\Weapons">
      <UniqueIdentifier>{ba8b4195-f6f5-45ef-9045-a2ab27462d0c}</UniqueIdentifier>
    </Filter>
    <Filter Include="Player\Weapons\Pistol">
      <UniqueIdentifier>{d14e82b9-b80c-452b-8fba-ccf113205cef}</UniqueIdentifier>
    </Filter>
    <Filter Include="Player\Weapons\MachineGun">
      <UniqueIdentifier>{c8b954eb-3a09-40db-ac81-97921d34a081}</UniqueIdentifier>
    </Filter>
  </ItemGroup>
</Project>