<?xml version="1.0" encoding="utf-8"?>
<Project ToolsVersion="4.0" xmlns="http://schemas.microsoft.com/developer/msbuild/2003">
  <ItemGroup>
    <Filter Include="win32">
      <UniqueIdentifier>{84a8ebd7-7cf0-47f6-b75e-d441df67da40}</UniqueIdentifier>
    </Filter>
    <Filter Include="resource">
      <UniqueIdentifier>{715254bc-d70b-4ec5-bf29-467dd3ace079}</UniqueIdentifier>
    </Filter>
    <Filter Include="src">
      <UniqueIdentifier>{bb6c862e-70e9-49d9-81b7-3829a6f50471}</UniqueIdentifier>
    </Filter>
    <Filter Include="src\MainMenu">
      <UniqueIdentifier>{44d181db-5290-4e8f-a5d5-84773bb933c4}</UniqueIdentifier>
    </Filter>
    <Filter Include="src\HUD">
      <UniqueIdentifier>{443fabc5-ed83-4ffd-a01b-68ed1202bfed}</UniqueIdentifier>
    </Filter>
    <Filter Include="src\Player">
      <UniqueIdentifier>{0e5a4ffd-adb5-49e2-91b2-55ec1208ef83}</UniqueIdentifier>
    </Filter>
    <Filter Include="src\Levels">
      <UniqueIdentifier>{ed0ac6a9-7420-4f8c-b581-5ea841484645}</UniqueIdentifier>
    </Filter>
    <Filter Include="src\Input">
      <UniqueIdentifier>{29eaff6d-ba4d-48be-85de-5ea1768851f3}</UniqueIdentifier>
    </Filter>
    <Filter Include="src\Objects">
      <UniqueIdentifier>{36b3b820-4b75-4b09-b0c2-d881d8e958a3}</UniqueIdentifier>
    </Filter>
    <Filter Include="src\Player\Weapons">
      <UniqueIdentifier>{b6a212f5-3f01-4a30-9850-545d55944f4b}</UniqueIdentifier>
    </Filter>
    <Filter Include="src\Player\Weapons\Pistol">
      <UniqueIdentifier>{0498ef4b-4d0e-4909-b8b2-4dbcbe98b412}</UniqueIdentifier>
    </Filter>
    <Filter Include="src\Opponent">
      <UniqueIdentifier>{0d01e17d-4bd7-4866-9488-032cb09be4fe}</UniqueIdentifier>
    </Filter>
    <Filter Include="src\Opponent\Alien1">
      <UniqueIdentifier>{f6fbe600-4600-4499-be04-05944baaff2d}</UniqueIdentifier>
    </Filter>
    <Filter Include="src\Levels\ChunkTypes">
      <UniqueIdentifier>{00f3ba69-c04f-4172-84b8-fdae570baa27}</UniqueIdentifier>
    </Filter>
  </ItemGroup>
  <ItemGroup>
    <ClCompile Include="main.cpp">
      <Filter>win32</Filter>
    </ClCompile>
    <ClCompile Include="..\Classes\AppDelegate.cpp">
      <Filter>src</Filter>
    </ClCompile>
    <ClCompile Include="..\Classes\MainMenu\MainMenuGUILayer.cpp">
      <Filter>src\MainMenu</Filter>
    </ClCompile>
    <ClCompile Include="..\Classes\MainMenu\MainMenuScene.cpp">
      <Filter>src\MainMenu</Filter>
    </ClCompile>
    <ClCompile Include="..\Classes\HUD\GameHUD.cpp">
      <Filter>src\HUD</Filter>
    </ClCompile>
    <ClCompile Include="..\Classes\Player\Player.cpp">
      <Filter>src\Player</Filter>
    </ClCompile>
    <ClCompile Include="..\Classes\Game.cpp">
      <Filter>src</Filter>
    </ClCompile>
    <ClCompile Include="..\Classes\Input\Input.cpp">
      <Filter>src\Input</Filter>
    </ClCompile>
    <ClCompile Include="..\Classes\Player\Weapons\Pistol\Pistol.cpp">
      <Filter>src\Player\Weapons\Pistol</Filter>
    </ClCompile>
    <ClCompile Include="..\Classes\Opponent\Alien1\Alien1.cpp">
      <Filter>src\Opponent\Alien1</Filter>
    </ClCompile>
    <ClCompile Include="..\Classes\Opponent\Opponent.cpp">
      <Filter>src\Opponent</Filter>
    </ClCompile>
    <ClCompile Include="..\Classes\HUD\DebugGUI.cpp">
      <Filter>src\HUD</Filter>
    </ClCompile>
    <ClCompile Include="..\Classes\Objects\StaticBlock.cpp">
      <Filter>src\Objects</Filter>
    </ClCompile>
    <ClCompile Include="..\Classes\Levels\Level.cpp">
      <Filter>src\Levels</Filter>
    </ClCompile>
    <ClCompile Include="..\Classes\Levels\Chunk.cpp">
      <Filter>src\Levels</Filter>
    </ClCompile>
    <ClCompile Include="..\Classes\Levels\LevelChunks.cpp">
      <Filter>src\Levels</Filter>
    </ClCompile>
    <ClCompile Include="..\Classes\Levels\ChunkTypes\ChunkBasic.cpp">
      <Filter>src\Levels\ChunkTypes</Filter>
    </ClCompile>
    <ClCompile Include="..\Classes\Levels\ChunkTypes\ChunkBaseFloor.cpp">
      <Filter>src\Levels\ChunkTypes</Filter>
    </ClCompile>
    <ClCompile Include="..\Classes\Levels\Lava.cpp">
      <Filter>src\Levels</Filter>
    </ClCompile>
    <ClCompile Include="..\Classes\Objects\Ladder.cpp">
      <Filter>src\Objects</Filter>
    </ClCompile>
  </ItemGroup>
  <ItemGroup>
    <ClInclude Include="main.h">
      <Filter>win32</Filter>
    </ClInclude>
    <ClInclude Include="..\Classes\AppDelegate.h">
      <Filter>src</Filter>
    </ClInclude>
    <ClInclude Include="..\Classes\MainMenu\MainMenuGUILayer.h">
      <Filter>src\MainMenu</Filter>
    </ClInclude>
    <ClInclude Include="..\Classes\MainMenu\MainMenuScene.h">
      <Filter>src\MainMenu</Filter>
    </ClInclude>
    <ClInclude Include="..\Classes\HUD\GameHUD.h">
      <Filter>src\HUD</Filter>
    </ClInclude>
    <ClInclude Include="..\Classes\Player\Player.h">
      <Filter>src\Player</Filter>
    </ClInclude>
    <ClInclude Include="..\Classes\Game.h">
      <Filter>src</Filter>
    </ClInclude>
    <ClInclude Include="..\Classes\Input\Input.h">
      <Filter>src\Input</Filter>
    </ClInclude>
    <ClInclude Include="..\Classes\Player\Weapons\Weapon.h">
      <Filter>src\Player\Weapons</Filter>
    </ClInclude>
    <ClInclude Include="..\Classes\Player\Weapons\Pistol\Pistol.h">
      <Filter>src\Player\Weapons\Pistol</Filter>
    </ClInclude>
    <ClInclude Include="..\Classes\Opponent\Opponent.h">
      <Filter>src\Opponent</Filter>
    </ClInclude>
    <ClInclude Include="..\Classes\Opponent\Alien1\Alien1.h">
      <Filter>src\Opponent\Alien1</Filter>
    </ClInclude>
    <ClInclude Include="..\Classes\HUD\DebugGUI.h">
      <Filter>src\HUD</Filter>
    </ClInclude>
    <ClInclude Include="..\Classes\Objects\StaticBlock.h">
      <Filter>src\Objects</Filter>
    </ClInclude>
    <ClInclude Include="..\Classes\Bullet.h">
      <Filter>src</Filter>
    </ClInclude>
    <ClInclude Include="Utilities.h">
      <Filter>src</Filter>
    </ClInclude>
    <ClInclude Include="..\Classes\Utilities.h" />
    <ClInclude Include="..\Classes\Levels\Chunk.h">
      <Filter>src\Levels</Filter>
    </ClInclude>
    <ClInclude Include="..\Classes\Levels\Level.h">
      <Filter>src\Levels</Filter>
    </ClInclude>
    <ClInclude Include="..\Classes\Levels\ChunkTypes\ChunkBasic.h">
      <Filter>src\Levels\ChunkTypes</Filter>
    </ClInclude>
    <ClInclude Include="..\Classes\Levels\ChunkTypes\ChunkBaseFloor.h">
      <Filter>src\Levels\ChunkTypes</Filter>
    </ClInclude>
    <ClInclude Include="..\Classes\Levels\Lava.h">
      <Filter>src\Levels</Filter>
    </ClInclude>
    <ClInclude Include="..\Classes\Objects\Ladder.h">
      <Filter>src\Objects</Filter>
    </ClInclude>
  </ItemGroup>
  <ItemGroup>
    <ResourceCompile Include="game.rc">
      <Filter>resource</Filter>
    </ResourceCompile>
  </ItemGroup>
</Project>